
Microsoft Visual Studio Solution File, Format Version 12.00
# Visual Studio 14
VisualStudioVersion = 14.0.25420.1
MinimumVisualStudioVersion = 10.0.40219.1
Project("{FAE04EC0-301F-11D3-BF4B-00C04F79EFBC}") = "Sis204_Pilas", "Sis204_Pilas\Sis204_Pilas.csproj", "{B51E155C-D26C-470B-94B9-12F45C9F37FB}"
EndProject
Global
	GlobalSection(SolutionConfigurationPlatforms) = preSolution
		Debug|Any CPU = Debug|Any CPU
		Release|Any CPU = Release|Any CPU
	EndGlobalSection
	GlobalSection(ProjectConfigurationPlatforms) = postSolution
		{B51E155C-D26C-470B-94B9-12F45C9F37FB}.Debug|Any CPU.ActiveCfg = Debug|Any CPU
		{B51E155C-D26C-470B-94B9-12F45C9F37FB}.Debug|Any CPU.Build.0 = Debug|Any CPU
		{B51E155C-D26C-470B-94B9-12F45C9F37FB}.Release|Any CPU.ActiveCfg = Release|Any CPU
		{B51E155C-D26C-470B-94B9-12F45C9F37FB}.Release|Any CPU.Build.0 = Release|Any CPU
	EndGlobalSection
	GlobalSection(SolutionProperties) = preSolution
		HideSolutionNode = FALSE
	EndGlobalSection
EndGlobal
